
Microsoft Visual Studio Solution File, Format Version 12.00
# Visual Studio Version 17
VisualStudioVersion = 17.3.32929.385
MinimumVisualStudioVersion = 10.0.40219.1
Project("{FAE04EC0-301F-11D3-BF4B-00C04F79EFBC}") = "task", "task\task.csproj", "{FEFB9173-67ED-4185-A4D2-7A70F9CAE2F5}"
EndProject
Global
	GlobalSection(SolutionConfigurationPlatforms) = preSolution
		Debug|Any CPU = Debug|Any CPU
		Release|Any CPU = Release|Any CPU
	EndGlobalSection
	GlobalSection(ProjectConfigurationPlatforms) = postSolution
		{FEFB9173-67ED-4185-A4D2-7A70F9CAE2F5}.Debug|Any CPU.ActiveCfg = Debug|Any CPU
		{FEFB9173-67ED-4185-A4D2-7A70F9CAE2F5}.Debug|Any CPU.Build.0 = Debug|Any CPU
		{FEFB9173-67ED-4185-A4D2-7A70F9CAE2F5}.Release|Any CPU.ActiveCfg = Release|Any CPU
		{FEFB9173-67ED-4185-A4D2-7A70F9CAE2F5}.Release|Any CPU.Build.0 = Release|Any CPU
	EndGlobalSection
	GlobalSection(SolutionProperties) = preSolution
		HideSolutionNode = FALSE
	EndGlobalSection
	GlobalSection(ExtensibilityGlobals) = postSolution
		SolutionGuid = {AA420F5B-D368-4536-9C5F-27AF3562626E}
	EndGlobalSection
EndGlobal
